
Microsoft Visual Studio Solution File, Format Version 12.00
# Visual Studio Version 16
VisualStudioVersion = 16.0.30717.126
MinimumVisualStudioVersion = 15.0.26124.0
Project("{B1E792BE-AA5F-4E3C-8C82-674BF9C0715B}") = "TwinCAT", "src\PLC\TwinCAT\TwinCAT.tsproj", "{04DA3C61-60A5-4688-B334-23FF7165780A}"
EndProject
Project("{2150E333-8FDC-42A3-9474-1A3956D46DE8}") = "src", "src", "{FBA0093E-C624-4321-9BDE-3682F111C2C9}"
EndProject
Project("{2150E333-8FDC-42A3-9474-1A3956D46DE8}") = "PLC", "PLC", "{3C70075E-9673-4266-8CFA-B0A5C53E6946}"
EndProject
Project("{9A19103F-16F7-4668-BE54-9A1E7A4F7556}") = "PlcConnector", "src\PLC\PlcConnector\PlcConnector.csproj", "{65F148DE-4919-43EC-BA5E-52E810125CA0}"
EndProject
Project("{9A19103F-16F7-4668-BE54-9A1E7A4F7556}") = "WpfApp", "src\WpfApp\WpfApp.csproj", "{2C90AC91-C087-4968-8011-F6DC04933B36}"
EndProject
Global
	GlobalSection(SolutionConfigurationPlatforms) = preSolution
		Debug|Any CPU = Debug|Any CPU
		Debug|TwinCAT CE7 (ARMV7) = Debug|TwinCAT CE7 (ARMV7)
		Debug|TwinCAT OS (ARMT2) = Debug|TwinCAT OS (ARMT2)
		Debug|TwinCAT RT (x64) = Debug|TwinCAT RT (x64)
		Debug|TwinCAT RT (x86) = Debug|TwinCAT RT (x86)
		Release|Any CPU = Release|Any CPU
		Release|TwinCAT CE7 (ARMV7) = Release|TwinCAT CE7 (ARMV7)
		Release|TwinCAT OS (ARMT2) = Release|TwinCAT OS (ARMT2)
		Release|TwinCAT RT (x64) = Release|TwinCAT RT (x64)
		Release|TwinCAT RT (x86) = Release|TwinCAT RT (x86)
	EndGlobalSection
	GlobalSection(ProjectConfigurationPlatforms) = postSolution
		{04DA3C61-60A5-4688-B334-23FF7165780A}.Debug|Any CPU.ActiveCfg = Debug|TwinCAT RT (x64)
		{04DA3C61-60A5-4688-B334-23FF7165780A}.Debug|Any CPU.Build.0 = Debug|TwinCAT RT (x64)
		{04DA3C61-60A5-4688-B334-23FF7165780A}.Debug|TwinCAT CE7 (ARMV7).ActiveCfg = Debug|TwinCAT CE7 (ARMV7)
		{04DA3C61-60A5-4688-B334-23FF7165780A}.Debug|TwinCAT CE7 (ARMV7).Build.0 = Debug|TwinCAT CE7 (ARMV7)
		{04DA3C61-60A5-4688-B334-23FF7165780A}.Debug|TwinCAT OS (ARMT2).ActiveCfg = Debug|TwinCAT OS (ARMT2)
		{04DA3C61-60A5-4688-B334-23FF7165780A}.Debug|TwinCAT OS (ARMT2).Build.0 = Debug|TwinCAT OS (ARMT2)
		{04DA3C61-60A5-4688-B334-23FF7165780A}.Debug|TwinCAT RT (x64).ActiveCfg = Debug|TwinCAT RT (x64)
		{04DA3C61-60A5-4688-B334-23FF7165780A}.Debug|TwinCAT RT (x64).Build.0 = Debug|TwinCAT RT (x64)
		{04DA3C61-60A5-4688-B334-23FF7165780A}.Debug|TwinCAT RT (x86).ActiveCfg = Debug|TwinCAT RT (x86)
		{04DA3C61-60A5-4688-B334-23FF7165780A}.Debug|TwinCAT RT (x86).Build.0 = Debug|TwinCAT RT (x86)
		{04DA3C61-60A5-4688-B334-23FF7165780A}.Release|Any CPU.ActiveCfg = Release|TwinCAT RT (x64)
		{04DA3C61-60A5-4688-B334-23FF7165780A}.Release|Any CPU.Build.0 = Release|TwinCAT RT (x64)
		{04DA3C61-60A5-4688-B334-23FF7165780A}.Release|TwinCAT CE7 (ARMV7).ActiveCfg = Release|TwinCAT CE7 (ARMV7)
		{04DA3C61-60A5-4688-B334-23FF7165780A}.Release|TwinCAT CE7 (ARMV7).Build.0 = Release|TwinCAT CE7 (ARMV7)
		{04DA3C61-60A5-4688-B334-23FF7165780A}.Release|TwinCAT OS (ARMT2).ActiveCfg = Release|TwinCAT OS (ARMT2)
		{04DA3C61-60A5-4688-B334-23FF7165780A}.Release|TwinCAT OS (ARMT2).Build.0 = Release|TwinCAT OS (ARMT2)
		{04DA3C61-60A5-4688-B334-23FF7165780A}.Release|TwinCAT RT (x64).ActiveCfg = Release|TwinCAT RT (x64)
		{04DA3C61-60A5-4688-B334-23FF7165780A}.Release|TwinCAT RT (x64).Build.0 = Release|TwinCAT RT (x64)
		{04DA3C61-60A5-4688-B334-23FF7165780A}.Release|TwinCAT RT (x86).ActiveCfg = Release|TwinCAT RT (x86)
		{04DA3C61-60A5-4688-B334-23FF7165780A}.Release|TwinCAT RT (x86).Build.0 = Release|TwinCAT RT (x86)
		{65F148DE-4919-43EC-BA5E-52E810125CA0}.Debug|Any CPU.ActiveCfg = Debug|Any CPU
		{65F148DE-4919-43EC-BA5E-52E810125CA0}.Debug|Any CPU.Build.0 = Debug|Any CPU
		{65F148DE-4919-43EC-BA5E-52E810125CA0}.Debug|TwinCAT CE7 (ARMV7).ActiveCfg = Debug|Any CPU
		{65F148DE-4919-43EC-BA5E-52E810125CA0}.Debug|TwinCAT CE7 (ARMV7).Build.0 = Debug|Any CPU
		{65F148DE-4919-43EC-BA5E-52E810125CA0}.Debug|TwinCAT OS (ARMT2).ActiveCfg = Debug|Any CPU
		{65F148DE-4919-43EC-BA5E-52E810125CA0}.Debug|TwinCAT OS (ARMT2).Build.0 = Debug|Any CPU
		{65F148DE-4919-43EC-BA5E-52E810125CA0}.Debug|TwinCAT RT (x64).ActiveCfg = Debug|Any CPU
		{65F148DE-4919-43EC-BA5E-52E810125CA0}.Debug|TwinCAT RT (x64).Build.0 = Debug|Any CPU
		{65F148DE-4919-43EC-BA5E-52E810125CA0}.Debug|TwinCAT RT (x86).ActiveCfg = Debug|Any CPU
		{65F148DE-4919-43EC-BA5E-52E810125CA0}.Debug|TwinCAT RT (x86).Build.0 = Debug|Any CPU
		{65F148DE-4919-43EC-BA5E-52E810125CA0}.Release|Any CPU.ActiveCfg = Release|Any CPU
		{65F148DE-4919-43EC-BA5E-52E810125CA0}.Release|Any CPU.Build.0 = Release|Any CPU
		{65F148DE-4919-43EC-BA5E-52E810125CA0}.Release|TwinCAT CE7 (ARMV7).ActiveCfg = Release|Any CPU
		{65F148DE-4919-43EC-BA5E-52E810125CA0}.Release|TwinCAT CE7 (ARMV7).Build.0 = Release|Any CPU
		{65F148DE-4919-43EC-BA5E-52E810125CA0}.Release|TwinCAT OS (ARMT2).ActiveCfg = Release|Any CPU
		{65F148DE-4919-43EC-BA5E-52E810125CA0}.Release|TwinCAT OS (ARMT2).Build.0 = Release|Any CPU
		{65F148DE-4919-43EC-BA5E-52E810125CA0}.Release|TwinCAT RT (x64).ActiveCfg = Release|Any CPU
		{65F148DE-4919-43EC-BA5E-52E810125CA0}.Release|TwinCAT RT (x64).Build.0 = Release|Any CPU
		{65F148DE-4919-43EC-BA5E-52E810125CA0}.Release|TwinCAT RT (x86).ActiveCfg = Release|Any CPU
		{65F148DE-4919-43EC-BA5E-52E810125CA0}.Release|TwinCAT RT (x86).Build.0 = Release|Any CPU
		{2C90AC91-C087-4968-8011-F6DC04933B36}.Debug|Any CPU.ActiveCfg = Debug|Any CPU
		{2C90AC91-C087-4968-8011-F6DC04933B36}.Debug|Any CPU.Build.0 = Debug|Any CPU
		{2C90AC91-C087-4968-8011-F6DC04933B36}.Debug|TwinCAT CE7 (ARMV7).ActiveCfg = Debug|Any CPU
		{2C90AC91-C087-4968-8011-F6DC04933B36}.Debug|TwinCAT CE7 (ARMV7).Build.0 = Debug|Any CPU
		{2C90AC91-C087-4968-8011-F6DC04933B36}.Debug|TwinCAT OS (ARMT2).ActiveCfg = Debug|Any CPU
		{2C90AC91-C087-4968-8011-F6DC04933B36}.Debug|TwinCAT OS (ARMT2).Build.0 = Debug|Any CPU
		{2C90AC91-C087-4968-8011-F6DC04933B36}.Debug|TwinCAT RT (x64).ActiveCfg = Debug|Any CPU
		{2C90AC91-C087-4968-8011-F6DC04933B36}.Debug|TwinCAT RT (x64).Build.0 = Debug|Any CPU
		{2C90AC91-C087-4968-8011-F6DC04933B36}.Debug|TwinCAT RT (x86).ActiveCfg = Debug|Any CPU
		{2C90AC91-C087-4968-8011-F6DC04933B36}.Debug|TwinCAT RT (x86).Build.0 = Debug|Any CPU
		{2C90AC91-C087-4968-8011-F6DC04933B36}.Release|Any CPU.ActiveCfg = Release|Any CPU
		{2C90AC91-C087-4968-8011-F6DC04933B36}.Release|Any CPU.Build.0 = Release|Any CPU
		{2C90AC91-C087-4968-8011-F6DC04933B36}.Release|TwinCAT CE7 (ARMV7).ActiveCfg = Release|Any CPU
		{2C90AC91-C087-4968-8011-F6DC04933B36}.Release|TwinCAT CE7 (ARMV7).Build.0 = Release|Any CPU
		{2C90AC91-C087-4968-8011-F6DC04933B36}.Release|TwinCAT OS (ARMT2).ActiveCfg = Release|Any CPU
		{2C90AC91-C087-4968-8011-F6DC04933B36}.Release|TwinCAT OS (ARMT2).Build.0 = Release|Any CPU
		{2C90AC91-C087-4968-8011-F6DC04933B36}.Release|TwinCAT RT (x64).ActiveCfg = Release|Any CPU
		{2C90AC91-C087-4968-8011-F6DC04933B36}.Release|TwinCAT RT (x64).Build.0 = Release|Any CPU
		{2C90AC91-C087-4968-8011-F6DC04933B36}.Release|TwinCAT RT (x86).ActiveCfg = Release|Any CPU
		{2C90AC91-C087-4968-8011-F6DC04933B36}.Release|TwinCAT RT (x86).Build.0 = Release|Any CPU
		{EEA2F9CC-84F1-4631-94BB-D7ED4DF4C99E}.Debug|Any CPU.ActiveCfg = Debug|TwinCAT RT (x64)
		{EEA2F9CC-84F1-4631-94BB-D7ED4DF4C99E}.Debug|Any CPU.Build.0 = Debug|TwinCAT RT (x64)
		{EEA2F9CC-84F1-4631-94BB-D7ED4DF4C99E}.Debug|TwinCAT CE7 (ARMV7).ActiveCfg = Debug|TwinCAT CE7 (ARMV7)
		{EEA2F9CC-84F1-4631-94BB-D7ED4DF4C99E}.Debug|TwinCAT CE7 (ARMV7).Build.0 = Debug|TwinCAT CE7 (ARMV7)
		{EEA2F9CC-84F1-4631-94BB-D7ED4DF4C99E}.Debug|TwinCAT OS (ARMT2).ActiveCfg = Debug|TwinCAT OS (ARMT2)
		{EEA2F9CC-84F1-4631-94BB-D7ED4DF4C99E}.Debug|TwinCAT OS (ARMT2).Build.0 = Debug|TwinCAT OS (ARMT2)
		{EEA2F9CC-84F1-4631-94BB-D7ED4DF4C99E}.Debug|TwinCAT RT (x64).ActiveCfg = Debug|TwinCAT RT (x64)
		{EEA2F9CC-84F1-4631-94BB-D7ED4DF4C99E}.Debug|TwinCAT RT (x64).Build.0 = Debug|TwinCAT RT (x64)
		{EEA2F9CC-84F1-4631-94BB-D7ED4DF4C99E}.Debug|TwinCAT RT (x86).ActiveCfg = Debug|TwinCAT RT (x86)
		{EEA2F9CC-84F1-4631-94BB-D7ED4DF4C99E}.Debug|TwinCAT RT (x86).Build.0 = Debug|TwinCAT RT (x86)
		{EEA2F9CC-84F1-4631-94BB-D7ED4DF4C99E}.Release|Any CPU.ActiveCfg = Release|TwinCAT RT (x64)
		{EEA2F9CC-84F1-4631-94BB-D7ED4DF4C99E}.Release|Any CPU.Build.0 = Release|TwinCAT RT (x64)
		{EEA2F9CC-84F1-4631-94BB-D7ED4DF4C99E}.Release|TwinCAT CE7 (ARMV7).ActiveCfg = Release|TwinCAT CE7 (ARMV7)
		{EEA2F9CC-84F1-4631-94BB-D7ED4DF4C99E}.Release|TwinCAT CE7 (ARMV7).Build.0 = Release|TwinCAT CE7 (ARMV7)
		{EEA2F9CC-84F1-4631-94BB-D7ED4DF4C99E}.Release|TwinCAT OS (ARMT2).ActiveCfg = Release|TwinCAT OS (ARMT2)
		{EEA2F9CC-84F1-4631-94BB-D7ED4DF4C99E}.Release|TwinCAT OS (ARMT2).Build.0 = Release|TwinCAT OS (ARMT2)
		{EEA2F9CC-84F1-4631-94BB-D7ED4DF4C99E}.Release|TwinCAT RT (x64).ActiveCfg = Release|TwinCAT RT (x64)
		{EEA2F9CC-84F1-4631-94BB-D7ED4DF4C99E}.Release|TwinCAT RT (x64).Build.0 = Release|TwinCAT RT (x64)
		{EEA2F9CC-84F1-4631-94BB-D7ED4DF4C99E}.Release|TwinCAT RT (x86).ActiveCfg = Release|TwinCAT RT (x86)
		{EEA2F9CC-84F1-4631-94BB-D7ED4DF4C99E}.Release|TwinCAT RT (x86).Build.0 = Release|TwinCAT RT (x86)
	EndGlobalSection
	GlobalSection(SolutionProperties) = preSolution
		HideSolutionNode = FALSE
	EndGlobalSection
	GlobalSection(NestedProjects) = preSolution
		{04DA3C61-60A5-4688-B334-23FF7165780A} = {3C70075E-9673-4266-8CFA-B0A5C53E6946}
		{3C70075E-9673-4266-8CFA-B0A5C53E6946} = {FBA0093E-C624-4321-9BDE-3682F111C2C9}
		{65F148DE-4919-43EC-BA5E-52E810125CA0} = {3C70075E-9673-4266-8CFA-B0A5C53E6946}
		{2C90AC91-C087-4968-8011-F6DC04933B36} = {FBA0093E-C624-4321-9BDE-3682F111C2C9}
	EndGlobalSection
	GlobalSection(ExtensibilityGlobals) = postSolution
		SolutionGuid = {DD22B58C-B84B-4C3D-87C5-6A0C1B543F03}
	EndGlobalSection
EndGlobal
